<?xml version="1.0" encoding="UTF-8" standalone="yes" ?>
<CodeBlocks_project_file>
	<FileVersion major="1" minor="6" />
	<Project>
		<Option title="RogueLike" />
		<Option pch_mode="2" />
		<Option compiler="gcc" />
		<Build>
			<Target title="Debug">
				<Option output="bin/Debug/RogueLike" prefix_auto="1" extension_auto="1" />
				<Option object_output="obj/Debug/" />
				<Option type="1" />
				<Option compiler="gcc" />
				<Compiler>
					<Add option="-g" />
				</Compiler>
			</Target>
			<Target title="Release">
				<Option output="bin/Release/RogueLike" prefix_auto="1" extension_auto="1" />
				<Option object_output="obj/Release/" />
				<Option type="1" />
				<Option compiler="gcc" />
				<Compiler>
					<Add option="-O2" />
				</Compiler>
				<Linker>
					<Add option="-s" />
				</Linker>
			</Target>
		</Build>
		<Compiler>
			<Add option="-Wall" />
		</Compiler>
		<Unit filename="Rogue_Like_Project/Clavier.c">
			<Option compilerVar="CC" />
		</Unit>
		<Unit filename="Rogue_Like_Project/Clavier.h" />
		<Unit filename="Rogue_Like_Project/Etage.c">
			<Option compilerVar="CC" />
		</Unit>
		<Unit filename="Rogue_Like_Project/Etage.h" />
		<Unit filename="Rogue_Like_Project/Salle.c">
			<Option compilerVar="CC" />
		</Unit>
		<Unit filename="Rogue_Like_Project/Salle.h" />
		<Unit filename="Rogue_Like_Project/main.c">
			<Option compilerVar="CC" />
		</Unit>
		<Unit filename="Rogue_Like_Project/test.c">
			<Option compilerVar="CC" />
		</Unit>
		<Unit filename="Rogue_Like_Project/test.h" />
		<Extensions>
			<code_completion />
			<debugger />
		</Extensions>
	</Project>
</CodeBlocks_project_file>
